// !$*UTF8*$!
{
	archiveVersion = 1;
	classes = {
	};
	objectVersion = 56;
	objects = {

/* Begin PBXBuildFile section */
		D5D4E4B32AC41407004C652D /* AppDelegate.swift in Sources */ = {isa = PBXBuildFile; fileRef = D5D4E4B22AC41407004C652D /* AppDelegate.swift */; };
		D5D4E4B52AC41407004C652D /* SceneDelegate.swift in Sources */ = {isa = PBXBuildFile; fileRef = D5D4E4B42AC41407004C652D /* SceneDelegate.swift */; };
		D5D4E4B72AC41407004C652D /* ViewController.swift in Sources */ = {isa = PBXBuildFile; fileRef = D5D4E4B62AC41407004C652D /* ViewController.swift */; };
		D5D4E4BA2AC41407004C652D /* Main.storyboard in Resources */ = {isa = PBXBuildFile; fileRef = D5D4E4B82AC41407004C652D /* Main.storyboard */; };
		D5D4E4BC2AC41408004C652D /* Assets.xcassets in Resources */ = {isa = PBXBuildFile; fileRef = D5D4E4BB2AC41408004C652D /* Assets.xcassets */; };
		D5D4E4BF2AC41408004C652D /* LaunchScreen.storyboard in Resources */ = {isa = PBXBuildFile; fileRef = D5D4E4BD2AC41408004C652D /* LaunchScreen.storyboard */; };
		D5D4E4CA2AC41408004C652D /* JokesAppTests.swift in Sources */ = {isa = PBXBuildFile; fileRef = D5D4E4C92AC41408004C652D /* JokesAppTests.swift */; };
		D5D4E4D42AC41408004C652D /* JokesAppUITests.swift in Sources */ = {isa = PBXBuildFile; fileRef = D5D4E4D32AC41408004C652D /* JokesAppUITests.swift */; };
		D5D4E4D62AC41408004C652D /* JokesAppUITestsLaunchTests.swift in Sources */ = {isa = PBXBuildFile; fileRef = D5D4E4D52AC41408004C652D /* JokesAppUITestsLaunchTests.swift */; };
/* End PBXBuildFile section */

/* Begin PBXContainerItemProxy section */
		D5D4E4C62AC41408004C652D /* PBXContainerItemProxy */ = {
			isa = PBXContainerItemProxy;
			containerPortal = D5D4E4A72AC41407004C652D /* Project object */;
			proxyType = 1;
			remoteGlobalIDString = D5D4E4AE2AC41407004C652D;
			remoteInfo = JokesApp;
		};
		D5D4E4D02AC41408004C652D /* PBXContainerItemProxy */ = {
			isa = PBXContainerItemProxy;
			containerPortal = D5D4E4A72AC41407004C652D /* Project object */;
			proxyType = 1;
			remoteGlobalIDString = D5D4E4AE2AC41407004C652D;
			remoteInfo = JokesApp;
		};
/* End PBXContainerItemProxy section */

/* Begin PBXFileReference section */
		D5D4E4AF2AC41407004C652D /* JokesApp.app */ = {isa = PBXFileReference; explicitFileType = wrapper.application; includeInIndex = 0; path = JokesApp.app; sourceTree = BUILT_PRODUCTS_DIR; };
		D5D4E4B22AC41407004C652D /* AppDelegate.swift */ = {isa = PBXFileReference; lastKnownFileType = sourcecode.swift; path = AppDelegate.swift; sourceTree = "<group>"; };
		D5D4E4B42AC41407004C652D /* SceneDelegate.swift */ = {isa = PBXFileReference; lastKnownFileType = sourcecode.swift; path = SceneDelegate.swift; sourceTree = "<group>"; };
		D5D4E4B62AC41407004C652D /* ViewController.swift */ = {isa = PBXFileReference; lastKnownFileType = sourcecode.swift; path = ViewController.swift; sourceTree = "<group>"; };
		D5D4E4B92AC41407004C652D /* Base */ = {isa = PBXFileReference; lastKnownFileType = file.storyboard; name = Base; path = Base.lproj/Main.storyboard; sourceTree = "<group>"; };
		D5D4E4BB2AC41408004C652D /* Assets.xcassets */ = {isa = PBXFileReference; lastKnownFileType = folder.assetcatalog; path = Assets.xcassets; sourceTree = "<group>"; };
		D5D4E4BE2AC41408004C652D /* Base */ = {isa = PBXFileReference; lastKnownFileType = file.storyboard; name = Base; path = Base.lproj/LaunchScreen.storyboard; sourceTree = "<group>"; };
		D5D4E4C02AC41408004C652D /* Info.plist */ = {isa = PBXFileReference; lastKnownFileType = text.plist.xml; path = Info.plist; sourceTree = "<group>"; };
		D5D4E4C52AC41408004C652D /* JokesAppTests.xctest */ = {isa = PBXFileReference; explicitFileType = wrapper.cfbundle; includeInIndex = 0; path = JokesAppTests.xctest; sourceTree = BUILT_PRODUCTS_DIR; };
		D5D4E4C92AC41408004C652D /* JokesAppTests.swift */ = {isa = PBXFileReference; lastKnownFileType = sourcecode.swift; path = JokesAppTests.swift; sourceTree = "<group>"; };
		D5D4E4CF2AC41408004C652D /* JokesAppUITests.xctest */ = {isa = PBXFileReference; explicitFileType = wrapper.cfbundle; includeInIndex = 0; path = JokesAppUITests.xctest; sourceTree = BUILT_PRODUCTS_DIR; };
		D5D4E4D32AC41408004C652D /* JokesAppUITests.swift */ = {isa = PBXFileReference; lastKnownFileType = sourcecode.swift; path = JokesAppUITests.swift; sourceTree = "<group>"; };
		D5D4E4D52AC41408004C652D /* JokesAppUITestsLaunchTests.swift */ = {isa = PBXFileReference; lastKnownFileType = sourcecode.swift; path = JokesAppUITestsLaunchTests.swift; sourceTree = "<group>"; };
/* End PBXFileReference section */

/* Begin PBXFrameworksBuildPhase section */
		D5D4E4AC2AC41407004C652D /* Frameworks */ = {
			isa = PBXFrameworksBuildPhase;
			buildActionMask = 2147483647;
			files = (
			);
			runOnlyForDeploymentPostprocessing = 0;
		};
		D5D4E4C22AC41408004C652D /* Frameworks */ = {
			isa = PBXFrameworksBuildPhase;
			buildActionMask = 2147483647;
			files = (
			);
			runOnlyForDeploymentPostprocessing = 0;
		};
		D5D4E4CC2AC41408004C652D /* Frameworks */ = {
			isa = PBXFrameworksBuildPhase;
			buildActionMask = 2147483647;
			files = (
			);
			runOnlyForDeploymentPostprocessing = 0;
		};
/* End PBXFrameworksBuildPhase section */

/* Begin PBXGroup section */
		D5D4E4A62AC41407004C652D = {
			isa = PBXGroup;
			children = (
				D5D4E4B12AC41407004C652D /* JokesApp */,
				D5D4E4C82AC41408004C652D /* JokesAppTests */,
				D5D4E4D22AC41408004C652D /* JokesAppUITests */,
				D5D4E4B02AC41407004C652D /* Products */,
			);
			sourceTree = "<group>";
		};
		D5D4E4B02AC41407004C652D /* Products */ = {
			isa = PBXGroup;
			children = (
				D5D4E4AF2AC41407004C652D /* JokesApp.app */,
				D5D4E4C52AC41408004C652D /* JokesAppTests.xctest */,
				D5D4E4CF2AC41408004C652D /* JokesAppUITests.xctest */,
			);
			name = Products;
			sourceTree = "<group>";
		};
		D5D4E4B12AC41407004C652D /* JokesApp */ = {
			isa = PBXGroup;
			children = (
				D5D4E4B22AC41407004C652D /* AppDelegate.swift */,
				D5D4E4B42AC41407004C652D /* SceneDelegate.swift */,
				D5D4E4B62AC41407004C652D /* ViewController.swift */,
				D5D4E4B82AC41407004C652D /* Main.storyboard */,
				D5D4E4BB2AC41408004C652D /* Assets.xcassets */,
				D5D4E4BD2AC41408004C652D /* LaunchScreen.storyboard */,
				D5D4E4C02AC41408004C652D /* Info.plist */,
			);
			path = JokesApp;
			sourceTree = "<group>";
		};
		D5D4E4C82AC41408004C652D /* JokesAppTests */ = {
			isa = PBXGroup;
			children = (
				D5D4E4C92AC41408004C652D /* JokesAppTests.swift */,
			);
			path = JokesAppTests;
			sourceTree = "<group>";
		};
		D5D4E4D22AC41408004C652D /* JokesAppUITests */ = {
			isa = PBXGroup;
			children = (
				D5D4E4D32AC41408004C652D /* JokesAppUITests.swift */,
				D5D4E4D52AC41408004C652D /* JokesAppUITestsLaunchTests.swift */,
			);
			path = JokesAppUITests;
			sourceTree = "<group>";
		};
/* End PBXGroup section */

/* Begin PBXNativeTarget section */
		D5D4E4AE2AC41407004C652D /* JokesApp */ = {
			isa = PBXNativeTarget;
			buildConfigurationList = D5D4E4D92AC41408004C652D /* Build configuration list for PBXNativeTarget "JokesApp" */;
			buildPhases = (
				D5D4E4AB2AC41407004C652D /* Sources */,
				D5D4E4AC2AC41407004C652D /* Frameworks */,
				D5D4E4AD2AC41407004C652D /* Resources */,
			);
			buildRules = (
			);
			dependencies = (
			);
			name = JokesApp;
			productName = JokesApp;
			productReference = D5D4E4AF2AC41407004C652D /* JokesApp.app */;
			productType = "com.apple.product-type.application";
		};
		D5D4E4C42AC41408004C652D /* JokesAppTests */ = {
			isa = PBXNativeTarget;
			buildConfigurationList = D5D4E4DC2AC41408004C652D /* Build configuration list for PBXNativeTarget "JokesAppTests" */;
			buildPhases = (
				D5D4E4C12AC41408004C652D /* Sources */,
				D5D4E4C22AC41408004C652D /* Frameworks */,
				D5D4E4C32AC41408004C652D /* Resources */,
			);
			buildRules = (
			);
			dependencies = (
				D5D4E4C72AC41408004C652D /* PBXTargetDependency */,
			);
			name = JokesAppTests;
			productName = JokesAppTests;
			productReference = D5D4E4C52AC41408004C652D /* JokesAppTests.xctest */;
			productType = "com.apple.product-type.bundle.unit-test";
		};
		D5D4E4CE2AC41408004C652D /* JokesAppUITests */ = {
			isa = PBXNativeTarget;
			buildConfigurationList = D5D4E4DF2AC41408004C652D /* Build configuration list for PBXNativeTarget "JokesAppUITests" */;
			buildPhases = (
				D5D4E4CB2AC41408004C652D /* Sources */,
				D5D4E4CC2AC41408004C652D /* Frameworks */,
				D5D4E4CD2AC41408004C652D /* Resources */,
			);
			buildRules = (
			);
			dependencies = (
				D5D4E4D12AC41408004C652D /* PBXTargetDependency */,
			);
			name = JokesAppUITests;
			productName = JokesAppUITests;
			productReference = D5D4E4CF2AC41408004C652D /* JokesAppUITests.xctest */;
			productType = "com.apple.product-type.bundle.ui-testing";
		};
/* End PBXNativeTarget section */

/* Begin PBXProject section */
		D5D4E4A72AC41407004C652D /* Project object */ = {
			isa = PBXProject;
			attributes = {
				BuildIndependentTargetsInParallel = 1;
				LastSwiftUpdateCheck = 1420;
				LastUpgradeCheck = 1420;
				TargetAttributes = {
					D5D4E4AE2AC41407004C652D = {
						CreatedOnToolsVersion = 14.2;
					};
					D5D4E4C42AC41408004C652D = {
						CreatedOnToolsVersion = 14.2;
						TestTargetID = D5D4E4AE2AC41407004C652D;
					};
					D5D4E4CE2AC41408004C652D = {
						CreatedOnToolsVersion = 14.2;
						TestTargetID = D5D4E4AE2AC41407004C652D;
					};
				};
			};
			buildConfigurationList = D5D4E4AA2AC41407004C652D /* Build configuration list for PBXProject "JokesApp" */;
			compatibilityVersion = "Xcode 14.0";
			developmentRegion = en;
			hasScannedForEncodings = 0;
			knownRegions = (
				en,
				Base,
			);
			mainGroup = D5D4E4A62AC41407004C652D;
			productRefGroup = D5D4E4B02AC41407004C652D /* Products */;
			projectDirPath = "";
			projectRoot = "";
			targets = (
				D5D4E4AE2AC41407004C652D /* JokesApp */,
				D5D4E4C42AC41408004C652D /* JokesAppTests */,
				D5D4E4CE2AC41408004C652D /* JokesAppUITests */,
			);
		};
/* End PBXProject section */

/* Begin PBXResourcesBuildPhase section */
		D5D4E4AD2AC41407004C652D /* Resources */ = {
			isa = PBXResourcesBuildPhase;
			buildActionMask = 2147483647;
			files = (
				D5D4E4BF2AC41408004C652D /* LaunchScreen.storyboard in Resources */,
				D5D4E4BC2AC41408004C652D /* Assets.xcassets in Resources */,
				D5D4E4BA2AC41407004C652D /* Main.storyboard in Resources */,
			);
			runOnlyForDeploymentPostprocessing = 0;
		};
		D5D4E4C32AC41408004C652D /* Resources */ = {
			isa = PBXResourcesBuildPhase;
			buildActionMask = 2147483647;
			files = (
			);
			runOnlyForDeploymentPostprocessing = 0;
		};
		D5D4E4CD2AC41408004C652D /* Resources */ = {
			isa = PBXResourcesBuildPhase;
			buildActionMask = 2147483647;
			files = (
			);
			runOnlyForDeploymentPostprocessing = 0;
		};
/* End PBXResourcesBuildPhase section */

/* Begin PBXSourcesBuildPhase section */
		D5D4E4AB2AC41407004C652D /* Sources */ = {
			isa = PBXSourcesBuildPhase;
			buildActionMask = 2147483647;
			files = (
				D5D4E4B72AC41407004C652D /* ViewController.swift in Sources */,
				D5D4E4B32AC41407004C652D /* AppDelegate.swift in Sources */,
				D5D4E4B52AC41407004C652D /* SceneDelegate.swift in Sources */,
			);
			runOnlyForDeploymentPostprocessing = 0;
		};
		D5D4E4C12AC41408004C652D /* Sources */ = {
			isa = PBXSourcesBuildPhase;
			buildActionMask = 2147483647;
			files = (
				D5D4E4CA2AC41408004C652D /* JokesAppTests.swift in Sources */,
			);
			runOnlyForDeploymentPostprocessing = 0;
		};
		D5D4E4CB2AC41408004C652D /* Sources */ = {
			isa = PBXSourcesBuildPhase;
			buildActionMask = 2147483647;
			files = (
				D5D4E4D62AC41408004C652D /* JokesAppUITestsLaunchTests.swift in Sources */,
				D5D4E4D42AC41408004C652D /* JokesAppUITests.swift in Sources */,
			);
			runOnlyForDeploymentPostprocessing = 0;
		};
/* End PBXSourcesBuildPhase section */

/* Begin PBXTargetDependency section */
		D5D4E4C72AC41408004C652D /* PBXTargetDependency */ = {
			isa = PBXTargetDependency;
			target = D5D4E4AE2AC41407004C652D /* JokesApp */;
			targetProxy = D5D4E4C62AC41408004C652D /* PBXContainerItemProxy */;
		};
		D5D4E4D12AC41408004C652D /* PBXTargetDependency */ = {
			isa = PBXTargetDependency;
			target = D5D4E4AE2AC41407004C652D /* JokesApp */;
			targetProxy = D5D4E4D02AC41408004C652D /* PBXContainerItemProxy */;
		};
/* End PBXTargetDependency section */

/* Begin PBXVariantGroup section */
		D5D4E4B82AC41407004C652D /* Main.storyboard */ = {
			isa = PBXVariantGroup;
			children = (
				D5D4E4B92AC41407004C652D /* Base */,
			);
			name = Main.storyboard;
			sourceTree = "<group>";
		};
		D5D4E4BD2AC41408004C652D /* LaunchScreen.storyboard */ = {
			isa = PBXVariantGroup;
			children = (
				D5D4E4BE2AC41408004C652D /* Base */,
			);
			name = LaunchScreen.storyboard;
			sourceTree = "<group>";
		};
/* End PBXVariantGroup section */

/* Begin XCBuildConfiguration section */
		D5D4E4D72AC41408004C652D /* Debug */ = {
			isa = XCBuildConfiguration;
			buildSettings = {
				ALWAYS_SEARCH_USER_PATHS = NO;
				CLANG_ANALYZER_NONNULL = YES;
				CLANG_ANALYZER_NUMBER_OBJECT_CONVERSION = YES_AGGRESSIVE;
				CLANG_CXX_LANGUAGE_STANDARD = "gnu++20";
				CLANG_ENABLE_MODULES = YES;
				CLANG_ENABLE_OBJC_ARC = YES;
				CLANG_ENABLE_OBJC_WEAK = YES;
				CLANG_WARN_BLOCK_CAPTURE_AUTORELEASING = YES;
				CLANG_WARN_BOOL_CONVERSION = YES;
				CLANG_WARN_COMMA = YES;
				CLANG_WARN_CONSTANT_CONVERSION = YES;
				CLANG_WARN_DEPRECATED_OBJC_IMPLEMENTATIONS = YES;
				CLANG_WARN_DIRECT_OBJC_ISA_USAGE = YES_ERROR;
				CLANG_WARN_DOCUMENTATION_COMMENTS = YES;
				CLANG_WARN_EMPTY_BODY = YES;
				CLANG_WARN_ENUM_CONVERSION = YES;
				CLANG_WARN_INFINITE_RECURSION = YES;
				CLANG_WARN_INT_CONVERSION = YES;
				CLANG_WARN_NON_LITERAL_NULL_CONVERSION = YES;
				CLANG_WARN_OBJC_IMPLICIT_RETAIN_SELF = YES;
				CLANG_WARN_OBJC_LITERAL_CONVERSION = YES;
				CLANG_WARN_OBJC_ROOT_CLASS = YES_ERROR;
				CLANG_WARN_QUOTED_INCLUDE_IN_FRAMEWORK_HEADER = YES;
				CLANG_WARN_RANGE_LOOP_ANALYSIS = YES;
				CLANG_WARN_STRICT_PROTOTYPES = YES;
				CLANG_WARN_SUSPICIOUS_MOVE = YES;
				CLANG_WARN_UNGUARDED_AVAILABILITY = YES_AGGRESSIVE;
				CLANG_WARN_UNREACHABLE_CODE = YES;
				CLANG_WARN__DUPLICATE_METHOD_MATCH = YES;
				COPY_PHASE_STRIP = NO;
				DEBUG_INFORMATION_FORMAT = dwarf;
				ENABLE_STRICT_OBJC_MSGSEND = YES;
				ENABLE_TESTABILITY = YES;
				GCC_C_LANGUAGE_STANDARD = gnu11;
				GCC_DYNAMIC_NO_PIC = NO;
				GCC_NO_COMMON_BLOCKS = YES;
				GCC_OPTIMIZATION_LEVEL = 0;
				GCC_PREPROCESSOR_DEFINITIONS = (
					"DEBUG=1",
					"$(inherited)",
				);
				GCC_WARN_64_TO_32_BIT_CONVERSION = YES;
				GCC_WARN_ABOUT_RETURN_TYPE = YES_ERROR;
				GCC_WARN_UNDECLARED_SELECTOR = YES;
				GCC_WARN_UNINITIALIZED_AUTOS = YES_AGGRESSIVE;
				GCC_WARN_UNUSED_FUNCTION = YES;
				GCC_WARN_UNUSED_VARIABLE = YES;
				IPHONEOS_DEPLOYMENT_TARGET = 16.2;
				MTL_ENABLE_DEBUG_INFO = INCLUDE_SOURCE;
				MTL_FAST_MATH = YES;
				ONLY_ACTIVE_ARCH = YES;
				SDKROOT = iphoneos;
				SWIFT_ACTIVE_COMPILATION_CONDITIONS = DEBUG;
				SWIFT_OPTIMIZATION_LEVEL = "-Onone";
			};
			name = Debug;
		};
		D5D4E4D82AC41408004C652D /* Release */ = {
			isa = XCBuildConfiguration;
			buildSettings = {
				ALWAYS_SEARCH_USER_PATHS = NO;
				CLANG_ANALYZER_NONNULL = YES;
				CLANG_ANALYZER_NUMBER_OBJECT_CONVERSION = YES_AGGRESSIVE;
				CLANG_CXX_LANGUAGE_STANDARD = "gnu++20";
				CLANG_ENABLE_MODULES = YES;
				CLANG_ENABLE_OBJC_ARC = YES;
				CLANG_ENABLE_OBJC_WEAK = YES;
				CLANG_WARN_BLOCK_CAPTURE_AUTORELEASING = YES;
				CLANG_WARN_BOOL_CONVERSION = YES;
				CLANG_WARN_COMMA = YES;
				CLANG_WARN_CONSTANT_CONVERSION = YES;
				CLANG_WARN_DEPRECATED_OBJC_IMPLEMENTATIONS = YES;
				CLANG_WARN_DIRECT_OBJC_ISA_USAGE = YES_ERROR;
				CLANG_WARN_DOCUMENTATION_COMMENTS = YES;
				CLANG_WARN_EMPTY_BODY = YES;
				CLANG_WARN_ENUM_CONVERSION = YES;
				CLANG_WARN_INFINITE_RECURSION = YES;
				CLANG_WARN_INT_CONVERSION = YES;
				CLANG_WARN_NON_LITERAL_NULL_CONVERSION = YES;
				CLANG_WARN_OBJC_IMPLICIT_RETAIN_SELF = YES;
				CLANG_WARN_OBJC_LITERAL_CONVERSION = YES;
				CLANG_WARN_OBJC_ROOT_CLASS = YES_ERROR;
				CLANG_WARN_QUOTED_INCLUDE_IN_FRAMEWORK_HEADER = YES;
				CLANG_WARN_RANGE_LOOP_ANALYSIS = YES;
				CLANG_WARN_STRICT_PROTOTYPES = YES;
				CLANG_WARN_SUSPICIOUS_MOVE = YES;
				CLANG_WARN_UNGUARDED_AVAILABILITY = YES_AGGRESSIVE;
				CLANG_WARN_UNREACHABLE_CODE = YES;
				CLANG_WARN__DUPLICATE_METHOD_MATCH = YES;
				COPY_PHASE_STRIP = NO;
				DEBUG_INFORMATION_FORMAT = "dwarf-with-dsym";
				ENABLE_NS_ASSERTIONS = NO;
				ENABLE_STRICT_OBJC_MSGSEND = YES;
				GCC_C_LANGUAGE_STANDARD = gnu11;
				GCC_NO_COMMON_BLOCKS = YES;
				GCC_WARN_64_TO_32_BIT_CONVERSION = YES;
				GCC_WARN_ABOUT_RETURN_TYPE = YES_ERROR;
				GCC_WARN_UNDECLARED_SELECTOR = YES;
				GCC_WARN_UNINITIALIZED_AUTOS = YES_AGGRESSIVE;
				GCC_WARN_UNUSED_FUNCTION = YES;
				GCC_WARN_UNUSED_VARIABLE = YES;
				IPHONEOS_DEPLOYMENT_TARGET = 16.2;
				MTL_ENABLE_DEBUG_INFO = NO;
				MTL_FAST_MATH = YES;
				SDKROOT = iphoneos;
				SWIFT_COMPILATION_MODE = wholemodule;
				SWIFT_OPTIMIZATION_LEVEL = "-O";
				VALIDATE_PRODUCT = YES;
			};
			name = Release;
		};
		D5D4E4DA2AC41408004C652D /* Debug */ = {
			isa = XCBuildConfiguration;
			buildSettings = {
				ASSETCATALOG_COMPILER_APPICON_NAME = AppIcon;
				ASSETCATALOG_COMPILER_GLOBAL_ACCENT_COLOR_NAME = AccentColor;
				CODE_SIGN_STYLE = Automatic;
				CURRENT_PROJECT_VERSION = 1;
				GENERATE_INFOPLIST_FILE = YES;
				INFOPLIST_FILE = JokesApp/Info.plist;
				INFOPLIST_KEY_UIApplicationSupportsIndirectInputEvents = YES;
				INFOPLIST_KEY_UILaunchStoryboardName = LaunchScreen;
				INFOPLIST_KEY_UIMainStoryboardFile = Main;
				INFOPLIST_KEY_UISupportedInterfaceOrientations_iPad = "UIInterfaceOrientationPortrait UIInterfaceOrientationPortraitUpsideDown UIInterfaceOrientationLandscapeLeft UIInterfaceOrientationLandscapeRight";
				INFOPLIST_KEY_UISupportedInterfaceOrientations_iPhone = "UIInterfaceOrientationPortrait UIInterfaceOrientationLandscapeLeft UIInterfaceOrientationLandscapeRight";
				LD_RUNPATH_SEARCH_PATHS = (
					"$(inherited)",
					"@executable_path/Frameworks",
				);
				MARKETING_VERSION = 1.0;
				PRODUCT_BUNDLE_IDENTIFIER = com.deeksha.JokesApp;
				PRODUCT_NAME = "$(TARGET_NAME)";
				SWIFT_EMIT_LOC_STRINGS = YES;
				SWIFT_VERSION = 5.0;
				TARGETED_DEVICE_FAMILY = "1,2";
			};
			name = Debug;
		};
		D5D4E4DB2AC41408004C652D /* Release */ = {
			isa = XCBuildConfiguration;
			buildSettings = {
				ASSETCATALOG_COMPILER_APPICON_NAME = AppIcon;
				ASSETCATALOG_COMPILER_GLOBAL_ACCENT_COLOR_NAME = AccentColor;
				CODE_SIGN_STYLE = Automatic;
				CURRENT_PROJECT_VERSION = 1;
				GENERATE_INFOPLIST_FILE = YES;
				INFOPLIST_FILE = JokesApp/Info.plist;
				INFOPLIST_KEY_UIApplicationSupportsIndirectInputEvents = YES;
				INFOPLIST_KEY_UILaunchStoryboardName = LaunchScreen;
				INFOPLIST_KEY_UIMainStoryboardFile = Main;
				INFOPLIST_KEY_UISupportedInterfaceOrientations_iPad = "UIInterfaceOrientationPortrait UIInterfaceOrientationPortraitUpsideDown UIInterfaceOrientationLandscapeLeft UIInterfaceOrientationLandscapeRight";
				INFOPLIST_KEY_UISupportedInterfaceOrientations_iPhone = "UIInterfaceOrientationPortrait UIInterfaceOrientationLandscapeLeft UIInterfaceOrientationLandscapeRight";
				LD_RUNPATH_SEARCH_PATHS = (
					"$(inherited)",
					"@executable_path/Frameworks",
				);
				MARKETING_VERSION = 1.0;
				PRODUCT_BUNDLE_IDENTIFIER = com.deeksha.JokesApp;
				PRODUCT_NAME = "$(TARGET_NAME)";
				SWIFT_EMIT_LOC_STRINGS = YES;
				SWIFT_VERSION = 5.0;
				TARGETED_DEVICE_FAMILY = "1,2";
			};
			name = Release;
		};
		D5D4E4DD2AC41408004C652D /* Debug */ = {
			isa = XCBuildConfiguration;
			buildSettings = {
				ALWAYS_EMBED_SWIFT_STANDARD_LIBRARIES = YES;
				BUNDLE_LOADER = "$(TEST_HOST)";
				CODE_SIGN_STYLE = Automatic;
				CURRENT_PROJECT_VERSION = 1;
				GENERATE_INFOPLIST_FILE = YES;
				IPHONEOS_DEPLOYMENT_TARGET = 16.2;
				MARKETING_VERSION = 1.0;
				PRODUCT_BUNDLE_IDENTIFIER = com.deeksha.JokesAppTests;
				PRODUCT_NAME = "$(TARGET_NAME)";
				SWIFT_EMIT_LOC_STRINGS = NO;
				SWIFT_VERSION = 5.0;
				TARGETED_DEVICE_FAMILY = "1,2";
				TEST_HOST = "$(BUILT_PRODUCTS_DIR)/JokesApp.app/$(BUNDLE_EXECUTABLE_FOLDER_PATH)/JokesApp";
			};
			name = Debug;
		};
		D5D4E4DE2AC41408004C652D /* Release */ = {
			isa = XCBuildConfiguration;
			buildSettings = {
				ALWAYS_EMBED_SWIFT_STANDARD_LIBRARIES = YES;
				BUNDLE_LOADER = "$(TEST_HOST)";
				CODE_SIGN_STYLE = Automatic;
				CURRENT_PROJECT_VERSION = 1;
				GENERATE_INFOPLIST_FILE = YES;
				IPHONEOS_DEPLOYMENT_TARGET = 16.2;
				MARKETING_VERSION = 1.0;
				PRODUCT_BUNDLE_IDENTIFIER = com.deeksha.JokesAppTests;
				PRODUCT_NAME = "$(TARGET_NAME)";
				SWIFT_EMIT_LOC_STRINGS = NO;
				SWIFT_VERSION = 5.0;
				TARGETED_DEVICE_FAMILY = "1,2";
				TEST_HOST = "$(BUILT_PRODUCTS_DIR)/JokesApp.app/$(BUNDLE_EXECUTABLE_FOLDER_PATH)/JokesApp";
			};
			name = Release;
		};
		D5D4E4E02AC41408004C652D /* Debug */ = {
			isa = XCBuildConfiguration;
			buildSettings = {
				ALWAYS_EMBED_SWIFT_STANDARD_LIBRARIES = YES;
				CODE_SIGN_STYLE = Automatic;
				CURRENT_PROJECT_VERSION = 1;
				GENERATE_INFOPLIST_FILE = YES;
				MARKETING_VERSION = 1.0;
				PRODUCT_BUNDLE_IDENTIFIER = com.deeksha.JokesAppUITests;
				PRODUCT_NAME = "$(TARGET_NAME)";
				SWIFT_EMIT_LOC_STRINGS = NO;
				SWIFT_VERSION = 5.0;
				TARGETED_DEVICE_FAMILY = "1,2";
				TEST_TARGET_NAME = JokesApp;
			};
			name = Debug;
		};
		D5D4E4E12AC41408004C652D /* Release */ = {
			isa = XCBuildConfiguration;
			buildSettings = {
				ALWAYS_EMBED_SWIFT_STANDARD_LIBRARIES = YES;
				CODE_SIGN_STYLE = Automatic;
				CURRENT_PROJECT_VERSION = 1;
				GENERATE_INFOPLIST_FILE = YES;
				MARKETING_VERSION = 1.0;
				PRODUCT_BUNDLE_IDENTIFIER = com.deeksha.JokesAppUITests;
				PRODUCT_NAME = "$(TARGET_NAME)";
				SWIFT_EMIT_LOC_STRINGS = NO;
				SWIFT_VERSION = 5.0;
				TARGETED_DEVICE_FAMILY = "1,2";
				TEST_TARGET_NAME = JokesApp;
			};
			name = Release;
		};
/* End XCBuildConfiguration section */

/* Begin XCConfigurationList section */
		D5D4E4AA2AC41407004C652D /* Build configuration list for PBXProject "JokesApp" */ = {
			isa = XCConfigurationList;
			buildConfigurations = (
				D5D4E4D72AC41408004C652D /* Debug */,
				D5D4E4D82AC41408004C652D /* Release */,
			);
			defaultConfigurationIsVisible = 0;
			defaultConfigurationName = Release;
		};
		D5D4E4D92AC41408004C652D /* Build configuration list for PBXNativeTarget "JokesApp" */ = {
			isa = XCConfigurationList;
			buildConfigurations = (
				D5D4E4DA2AC41408004C652D /* Debug */,
				D5D4E4DB2AC41408004C652D /* Release */,
			);
			defaultConfigurationIsVisible = 0;
			defaultConfigurationName = Release;
		};
		D5D4E4DC2AC41408004C652D /* Build configuration list for PBXNativeTarget "JokesAppTests" */ = {
			isa = XCConfigurationList;
			buildConfigurations = (
				D5D4E4DD2AC41408004C652D /* Debug */,
				D5D4E4DE2AC41408004C652D /* Release */,
			);
			defaultConfigurationIsVisible = 0;
			defaultConfigurationName = Release;
		};
		D5D4E4DF2AC41408004C652D /* Build configuration list for PBXNativeTarget "JokesAppUITests" */ = {
			isa = XCConfigurationList;
			buildConfigurations = (
				D5D4E4E02AC41408004C652D /* Debug */,
				D5D4E4E12AC41408004C652D /* Release */,
			);
			defaultConfigurationIsVisible = 0;
			defaultConfigurationName = Release;
		};
/* End XCConfigurationList section */
	};
	rootObject = D5D4E4A72AC41407004C652D /* Project object */;
}
