// !$*UTF8*$!
{
	archiveVersion = 1;
	classes = {
	};
	objectVersion = 56;
	objects = {

/* Begin PBXBuildFile section */
		2149151E53D86F7861841750 /* Pods_JokesAppTests.framework in Frameworks */ = {isa = PBXBuildFile; fileRef = FA13C05AB35FEEEA626321E1 /* Pods_JokesAppTests.framework */; };
		D52B3CEC2AD3D7AD0002599E /* JokesView.swift in Sources */ = {isa = PBXBuildFile; fileRef = D52B3CEB2AD3D7AD0002599E /* JokesView.swift */; };
		D52B3CEF2AD42FA70002599E /* PaddedTableViewCell.swift in Sources */ = {isa = PBXBuildFile; fileRef = D52B3CEE2AD42FA70002599E /* PaddedTableViewCell.swift */; };
		D59606CB2AC58B5D004E654F /* JokesModal.swift in Sources */ = {isa = PBXBuildFile; fileRef = D59606CA2AC58B5D004E654F /* JokesModal.swift */; };
		D59606CF2AC58BEB004E654F /* JokesPresenter.swift in Sources */ = {isa = PBXBuildFile; fileRef = D59606CE2AC58BEB004E654F /* JokesPresenter.swift */; };
		D5D4E4B32AC41407004C652D /* AppDelegate.swift in Sources */ = {isa = PBXBuildFile; fileRef = D5D4E4B22AC41407004C652D /* AppDelegate.swift */; };
		D5D4E4B52AC41407004C652D /* SceneDelegate.swift in Sources */ = {isa = PBXBuildFile; fileRef = D5D4E4B42AC41407004C652D /* SceneDelegate.swift */; };
		D5D4E4B72AC41407004C652D /* ViewController.swift in Sources */ = {isa = PBXBuildFile; fileRef = D5D4E4B62AC41407004C652D /* ViewController.swift */; };
		D5D4E4BA2AC41407004C652D /* Main.storyboard in Resources */ = {isa = PBXBuildFile; fileRef = D5D4E4B82AC41407004C652D /* Main.storyboard */; };
		D5D4E4BC2AC41408004C652D /* Assets.xcassets in Resources */ = {isa = PBXBuildFile; fileRef = D5D4E4BB2AC41408004C652D /* Assets.xcassets */; };
		D5D4E4BF2AC41408004C652D /* LaunchScreen.storyboard in Resources */ = {isa = PBXBuildFile; fileRef = D5D4E4BD2AC41408004C652D /* LaunchScreen.storyboard */; };
		D5D4E4CA2AC41408004C652D /* JokesAppTests.swift in Sources */ = {isa = PBXBuildFile; fileRef = D5D4E4C92AC41408004C652D /* JokesAppTests.swift */; };
		D5D4E4D42AC41408004C652D /* JokesAppUITests.swift in Sources */ = {isa = PBXBuildFile; fileRef = D5D4E4D32AC41408004C652D /* JokesAppUITests.swift */; };
		D5D4E4D62AC41408004C652D /* JokesAppUITestsLaunchTests.swift in Sources */ = {isa = PBXBuildFile; fileRef = D5D4E4D52AC41408004C652D /* JokesAppUITestsLaunchTests.swift */; };
		D6C25AF5C88D07B7DC1DD554 /* Pods_JokesApp.framework in Frameworks */ = {isa = PBXBuildFile; fileRef = B74BEEB7962924F1BF6C67BC /* Pods_JokesApp.framework */; };
		E4CC1DB87E596C2A5EA0F594 /* Pods_JokesApp_JokesAppUITests.framework in Frameworks */ = {isa = PBXBuildFile; fileRef = FA883F2409195F0D2871A18A /* Pods_JokesApp_JokesAppUITests.framework */; };
/* End PBXBuildFile section */

/* Begin PBXContainerItemProxy section */
		D5D4E4C62AC41408004C652D /* PBXContainerItemProxy */ = {
			isa = PBXContainerItemProxy;
			containerPortal = D5D4E4A72AC41407004C652D /* Project object */;
			proxyType = 1;
			remoteGlobalIDString = D5D4E4AE2AC41407004C652D;
			remoteInfo = JokesApp;
		};
		D5D4E4D02AC41408004C652D /* PBXContainerItemProxy */ = {
			isa = PBXContainerItemProxy;
			containerPortal = D5D4E4A72AC41407004C652D /* Project object */;
			proxyType = 1;
			remoteGlobalIDString = D5D4E4AE2AC41407004C652D;
			remoteInfo = JokesApp;
		};
/* End PBXContainerItemProxy section */

/* Begin PBXFileReference section */
		3310A87B80D6CF016871CBD4 /* Pods-JokesAppTests.debug.xcconfig */ = {isa = PBXFileReference; includeInIndex = 1; lastKnownFileType = text.xcconfig; name = "Pods-JokesAppTests.debug.xcconfig"; path = "Target Support Files/Pods-JokesAppTests/Pods-JokesAppTests.debug.xcconfig"; sourceTree = "<group>"; };
		34129CF8CF7E9A11EBB447FD /* Pods-JokesApp-JokesAppUITests.debug.xcconfig */ = {isa = PBXFileReference; includeInIndex = 1; lastKnownFileType = text.xcconfig; name = "Pods-JokesApp-JokesAppUITests.debug.xcconfig"; path = "Target Support Files/Pods-JokesApp-JokesAppUITests/Pods-JokesApp-JokesAppUITests.debug.xcconfig"; sourceTree = "<group>"; };
		36DE094B2232FE86DFD56CAB /* Pods-JokesApp.release.xcconfig */ = {isa = PBXFileReference; includeInIndex = 1; lastKnownFileType = text.xcconfig; name = "Pods-JokesApp.release.xcconfig"; path = "Target Support Files/Pods-JokesApp/Pods-JokesApp.release.xcconfig"; sourceTree = "<group>"; };
		9261C8FADF0F52820DB445B6 /* Pods-JokesAppTests.release.xcconfig */ = {isa = PBXFileReference; includeInIndex = 1; lastKnownFileType = text.xcconfig; name = "Pods-JokesAppTests.release.xcconfig"; path = "Target Support Files/Pods-JokesAppTests/Pods-JokesAppTests.release.xcconfig"; sourceTree = "<group>"; };
		B74BEEB7962924F1BF6C67BC /* Pods_JokesApp.framework */ = {isa = PBXFileReference; explicitFileType = wrapper.framework; includeInIndex = 0; path = Pods_JokesApp.framework; sourceTree = BUILT_PRODUCTS_DIR; };
		D3AC916D16CD94A6BAD7C624 /* Pods-JokesApp.debug.xcconfig */ = {isa = PBXFileReference; includeInIndex = 1; lastKnownFileType = text.xcconfig; name = "Pods-JokesApp.debug.xcconfig"; path = "Target Support Files/Pods-JokesApp/Pods-JokesApp.debug.xcconfig"; sourceTree = "<group>"; };
		D52B3CEB2AD3D7AD0002599E /* JokesView.swift */ = {isa = PBXFileReference; lastKnownFileType = sourcecode.swift; path = JokesView.swift; sourceTree = "<group>"; };
		D52B3CEE2AD42FA70002599E /* PaddedTableViewCell.swift */ = {isa = PBXFileReference; lastKnownFileType = sourcecode.swift; path = PaddedTableViewCell.swift; sourceTree = "<group>"; };
		D59606CA2AC58B5D004E654F /* JokesModal.swift */ = {isa = PBXFileReference; lastKnownFileType = sourcecode.swift; path = JokesModal.swift; sourceTree = "<group>"; };
		D59606CE2AC58BEB004E654F /* JokesPresenter.swift */ = {isa = PBXFileReference; lastKnownFileType = sourcecode.swift; path = JokesPresenter.swift; sourceTree = "<group>"; };
		D5D4E4AF2AC41407004C652D /* JokesApp.app */ = {isa = PBXFileReference; explicitFileType = wrapper.application; includeInIndex = 0; path = JokesApp.app; sourceTree = BUILT_PRODUCTS_DIR; };
		D5D4E4B22AC41407004C652D /* AppDelegate.swift */ = {isa = PBXFileReference; lastKnownFileType = sourcecode.swift; path = AppDelegate.swift; sourceTree = "<group>"; };
		D5D4E4B42AC41407004C652D /* SceneDelegate.swift */ = {isa = PBXFileReference; lastKnownFileType = sourcecode.swift; path = SceneDelegate.swift; sourceTree = "<group>"; };
		D5D4E4B62AC41407004C652D /* ViewController.swift */ = {isa = PBXFileReference; lastKnownFileType = sourcecode.swift; path = ViewController.swift; sourceTree = "<group>"; };
		D5D4E4B92AC41407004C652D /* Base */ = {isa = PBXFileReference; lastKnownFileType = file.storyboard; name = Base; path = Base.lproj/Main.storyboard; sourceTree = "<group>"; };
		D5D4E4BB2AC41408004C652D /* Assets.xcassets */ = {isa = PBXFileReference; lastKnownFileType = folder.assetcatalog; path = Assets.xcassets; sourceTree = "<group>"; };
		D5D4E4BE2AC41408004C652D /* Base */ = {isa = PBXFileReference; lastKnownFileType = file.storyboard; name = Base; path = Base.lproj/LaunchScreen.storyboard; sourceTree = "<group>"; };
		D5D4E4C02AC41408004C652D /* Info.plist */ = {isa = PBXFileReference; lastKnownFileType = text.plist.xml; path = Info.plist; sourceTree = "<group>"; };
		D5D4E4C52AC41408004C652D /* JokesAppTests.xctest */ = {isa = PBXFileReference; explicitFileType = wrapper.cfbundle; includeInIndex = 0; path = JokesAppTests.xctest; sourceTree = BUILT_PRODUCTS_DIR; };
		D5D4E4C92AC41408004C652D /* JokesAppTests.swift */ = {isa = PBXFileReference; lastKnownFileType = sourcecode.swift; path = JokesAppTests.swift; sourceTree = "<group>"; };
		D5D4E4CF2AC41408004C652D /* JokesAppUITests.xctest */ = {isa = PBXFileReference; explicitFileType = wrapper.cfbundle; includeInIndex = 0; path = JokesAppUITests.xctest; sourceTree = BUILT_PRODUCTS_DIR; };
		D5D4E4D32AC41408004C652D /* JokesAppUITests.swift */ = {isa = PBXFileReference; lastKnownFileType = sourcecode.swift; path = JokesAppUITests.swift; sourceTree = "<group>"; };
		D5D4E4D52AC41408004C652D /* JokesAppUITestsLaunchTests.swift */ = {isa = PBXFileReference; lastKnownFileType = sourcecode.swift; path = JokesAppUITestsLaunchTests.swift; sourceTree = "<group>"; };
		DDD083E04084A3F137D61F21 /* Pods-JokesApp-JokesAppUITests.release.xcconfig */ = {isa = PBXFileReference; includeInIndex = 1; lastKnownFileType = text.xcconfig; name = "Pods-JokesApp-JokesAppUITests.release.xcconfig"; path = "Target Support Files/Pods-JokesApp-JokesAppUITests/Pods-JokesApp-JokesAppUITests.release.xcconfig"; sourceTree = "<group>"; };
		FA13C05AB35FEEEA626321E1 /* Pods_JokesAppTests.framework */ = {isa = PBXFileReference; explicitFileType = wrapper.framework; includeInIndex = 0; path = Pods_JokesAppTests.framework; sourceTree = BUILT_PRODUCTS_DIR; };
		FA883F2409195F0D2871A18A /* Pods_JokesApp_JokesAppUITests.framework */ = {isa = PBXFileReference; explicitFileType = wrapper.framework; includeInIndex = 0; path = Pods_JokesApp_JokesAppUITests.framework; sourceTree = BUILT_PRODUCTS_DIR; };
/* End PBXFileReference section */

/* Begin PBXFrameworksBuildPhase section */
		D5D4E4AC2AC41407004C652D /* Frameworks */ = {
			isa = PBXFrameworksBuildPhase;
			buildActionMask = 2147483647;
			files = (
				D6C25AF5C88D07B7DC1DD554 /* Pods_JokesApp.framework in Frameworks */,
			);
			runOnlyForDeploymentPostprocessing = 0;
		};
		D5D4E4C22AC41408004C652D /* Frameworks */ = {
			isa = PBXFrameworksBuildPhase;
			buildActionMask = 2147483647;
			files = (
				2149151E53D86F7861841750 /* Pods_JokesAppTests.framework in Frameworks */,
			);
			runOnlyForDeploymentPostprocessing = 0;
		};
		D5D4E4CC2AC41408004C652D /* Frameworks */ = {
			isa = PBXFrameworksBuildPhase;
			buildActionMask = 2147483647;
			files = (
				E4CC1DB87E596C2A5EA0F594 /* Pods_JokesApp_JokesAppUITests.framework in Frameworks */,
			);
			runOnlyForDeploymentPostprocessing = 0;
		};
/* End PBXFrameworksBuildPhase section */

/* Begin PBXGroup section */
		2AC5921B6C2D7A18739A2484 /* Frameworks */ = {
			isa = PBXGroup;
			children = (
				B74BEEB7962924F1BF6C67BC /* Pods_JokesApp.framework */,
				FA883F2409195F0D2871A18A /* Pods_JokesApp_JokesAppUITests.framework */,
				FA13C05AB35FEEEA626321E1 /* Pods_JokesAppTests.framework */,
			);
			name = Frameworks;
			sourceTree = "<group>";
		};
		D52B3CED2AD42F7D0002599E /* UITableViewCell */ = {
			isa = PBXGroup;
			children = (
				D52B3CEE2AD42FA70002599E /* PaddedTableViewCell.swift */,
			);
			path = UITableViewCell;
			sourceTree = "<group>";
		};
		D59606C92AC58B3B004E654F /* Modal */ = {
			isa = PBXGroup;
			children = (
				D59606CA2AC58B5D004E654F /* JokesModal.swift */,
			);
			path = Modal;
			sourceTree = "<group>";
		};
		D59606CC2AC58BB3004E654F /* Presenter */ = {
			isa = PBXGroup;
			children = (
				D59606CE2AC58BEB004E654F /* JokesPresenter.swift */,
			);
			path = Presenter;
			sourceTree = "<group>";
		};
		D59606CD2AC58BD3004E654F /* View */ = {
			isa = PBXGroup;
			children = (
				D5D4E4B62AC41407004C652D /* ViewController.swift */,
			);
			path = View;
			sourceTree = "<group>";
		};
		D5D4E4A62AC41407004C652D = {
			isa = PBXGroup;
			children = (
				D5D4E4B12AC41407004C652D /* JokesApp */,
				D5D4E4C82AC41408004C652D /* JokesAppTests */,
				D5D4E4D22AC41408004C652D /* JokesAppUITests */,
				D5D4E4B02AC41407004C652D /* Products */,
				F13A4150ECD113C8492C04D5 /* Pods */,
				2AC5921B6C2D7A18739A2484 /* Frameworks */,
			);
			sourceTree = "<group>";
		};
		D5D4E4B02AC41407004C652D /* Products */ = {
			isa = PBXGroup;
			children = (
				D5D4E4AF2AC41407004C652D /* JokesApp.app */,
				D5D4E4C52AC41408004C652D /* JokesAppTests.xctest */,
				D5D4E4CF2AC41408004C652D /* JokesAppUITests.xctest */,
			);
			name = Products;
			sourceTree = "<group>";
		};
		D5D4E4B12AC41407004C652D /* JokesApp */ = {
			isa = PBXGroup;
			children = (
				D52B3CED2AD42F7D0002599E /* UITableViewCell */,
				D59606CD2AC58BD3004E654F /* View */,
				D59606CC2AC58BB3004E654F /* Presenter */,
				D59606C92AC58B3B004E654F /* Modal */,
				D5D4E4B22AC41407004C652D /* AppDelegate.swift */,
				D5D4E4B42AC41407004C652D /* SceneDelegate.swift */,
				D5D4E4B82AC41407004C652D /* Main.storyboard */,
				D5D4E4BB2AC41408004C652D /* Assets.xcassets */,
				D5D4E4BD2AC41408004C652D /* LaunchScreen.storyboard */,
				D5D4E4C02AC41408004C652D /* Info.plist */,
				D52B3CEB2AD3D7AD0002599E /* JokesView.swift */,
			);
			path = JokesApp;
			sourceTree = "<group>";
		};
		D5D4E4C82AC41408004C652D /* JokesAppTests */ = {
			isa = PBXGroup;
			children = (
				D5D4E4C92AC41408004C652D /* JokesAppTests.swift */,
			);
			path = JokesAppTests;
			sourceTree = "<group>";
		};
		D5D4E4D22AC41408004C652D /* JokesAppUITests */ = {
			isa = PBXGroup;
			children = (
				D5D4E4D32AC41408004C652D /* JokesAppUITests.swift */,
				D5D4E4D52AC41408004C652D /* JokesAppUITestsLaunchTests.swift */,
			);
			path = JokesAppUITests;
			sourceTree = "<group>";
		};
		F13A4150ECD113C8492C04D5 /* Pods */ = {
			isa = PBXGroup;
			children = (
				D3AC916D16CD94A6BAD7C624 /* Pods-JokesApp.debug.xcconfig */,
				36DE094B2232FE86DFD56CAB /* Pods-JokesApp.release.xcconfig */,
				34129CF8CF7E9A11EBB447FD /* Pods-JokesApp-JokesAppUITests.debug.xcconfig */,
				DDD083E04084A3F137D61F21 /* Pods-JokesApp-JokesAppUITests.release.xcconfig */,
				3310A87B80D6CF016871CBD4 /* Pods-JokesAppTests.debug.xcconfig */,
				9261C8FADF0F52820DB445B6 /* Pods-JokesAppTests.release.xcconfig */,
			);
			path = Pods;
			sourceTree = "<group>";
		};
/* End PBXGroup section */

/* Begin PBXNativeTarget section */
		D5D4E4AE2AC41407004C652D /* JokesApp */ = {
			isa = PBXNativeTarget;
			buildConfigurationList = D5D4E4D92AC41408004C652D /* Build configuration list for PBXNativeTarget "JokesApp" */;
			buildPhases = (
				F2E451AD0F85CDC9EBFC5156 /* [CP] Check Pods Manifest.lock */,
				D5D4E4AB2AC41407004C652D /* Sources */,
				D5D4E4AC2AC41407004C652D /* Frameworks */,
				D5D4E4AD2AC41407004C652D /* Resources */,
				C5DA73D15D945985D6F8F267 /* [CP] Embed Pods Frameworks */,
			);
			buildRules = (
			);
			dependencies = (
			);
			name = JokesApp;
			productName = JokesApp;
			productReference = D5D4E4AF2AC41407004C652D /* JokesApp.app */;
			productType = "com.apple.product-type.application";
		};
		D5D4E4C42AC41408004C652D /* JokesAppTests */ = {
			isa = PBXNativeTarget;
			buildConfigurationList = D5D4E4DC2AC41408004C652D /* Build configuration list for PBXNativeTarget "JokesAppTests" */;
			buildPhases = (
				0AE14AA438F407D7F16D6E13 /* [CP] Check Pods Manifest.lock */,
				D5D4E4C12AC41408004C652D /* Sources */,
				D5D4E4C22AC41408004C652D /* Frameworks */,
				D5D4E4C32AC41408004C652D /* Resources */,
			);
			buildRules = (
			);
			dependencies = (
				D5D4E4C72AC41408004C652D /* PBXTargetDependency */,
			);
			name = JokesAppTests;
			productName = JokesAppTests;
			productReference = D5D4E4C52AC41408004C652D /* JokesAppTests.xctest */;
			productType = "com.apple.product-type.bundle.unit-test";
		};
		D5D4E4CE2AC41408004C652D /* JokesAppUITests */ = {
			isa = PBXNativeTarget;
			buildConfigurationList = D5D4E4DF2AC41408004C652D /* Build configuration list for PBXNativeTarget "JokesAppUITests" */;
			buildPhases = (
				DDCACD29C165A5DADE03A0ED /* [CP] Check Pods Manifest.lock */,
				D5D4E4CB2AC41408004C652D /* Sources */,
				D5D4E4CC2AC41408004C652D /* Frameworks */,
				D5D4E4CD2AC41408004C652D /* Resources */,
				17CA8DC79B6162CCD5DB41F0 /* [CP] Embed Pods Frameworks */,
			);
			buildRules = (
			);
			dependencies = (
				D5D4E4D12AC41408004C652D /* PBXTargetDependency */,
			);
			name = JokesAppUITests;
			productName = JokesAppUITests;
			productReference = D5D4E4CF2AC41408004C652D /* JokesAppUITests.xctest */;
			productType = "com.apple.product-type.bundle.ui-testing";
		};
/* End PBXNativeTarget section */

/* Begin PBXProject section */
		D5D4E4A72AC41407004C652D /* Project object */ = {
			isa = PBXProject;
			attributes = {
				BuildIndependentTargetsInParallel = 1;
				LastSwiftUpdateCheck = 1420;
				LastUpgradeCheck = 1420;
				TargetAttributes = {
					D5D4E4AE2AC41407004C652D = {
						CreatedOnToolsVersion = 14.2;
					};
					D5D4E4C42AC41408004C652D = {
						CreatedOnToolsVersion = 14.2;
						TestTargetID = D5D4E4AE2AC41407004C652D;
					};
					D5D4E4CE2AC41408004C652D = {
						CreatedOnToolsVersion = 14.2;
						TestTargetID = D5D4E4AE2AC41407004C652D;
					};
				};
			};
			buildConfigurationList = D5D4E4AA2AC41407004C652D /* Build configuration list for PBXProject "JokesApp" */;
			compatibilityVersion = "Xcode 14.0";
			developmentRegion = en;
			hasScannedForEncodings = 0;
			knownRegions = (
				en,
				Base,
			);
			mainGroup = D5D4E4A62AC41407004C652D;
			productRefGroup = D5D4E4B02AC41407004C652D /* Products */;
			projectDirPath = "";
			projectRoot = "";
			targets = (
				D5D4E4AE2AC41407004C652D /* JokesApp */,
				D5D4E4C42AC41408004C652D /* JokesAppTests */,
				D5D4E4CE2AC41408004C652D /* JokesAppUITests */,
			);
		};
/* End PBXProject section */

/* Begin PBXResourcesBuildPhase section */
		D5D4E4AD2AC41407004C652D /* Resources */ = {
			isa = PBXResourcesBuildPhase;
			buildActionMask = 2147483647;
			files = (
				D5D4E4BF2AC41408004C652D /* LaunchScreen.storyboard in Resources */,
				D5D4E4BC2AC41408004C652D /* Assets.xcassets in Resources */,
				D5D4E4BA2AC41407004C652D /* Main.storyboard in Resources */,
			);
			runOnlyForDeploymentPostprocessing = 0;
		};
		D5D4E4C32AC41408004C652D /* Resources */ = {
			isa = PBXResourcesBuildPhase;
			buildActionMask = 2147483647;
			files = (
			);
			runOnlyForDeploymentPostprocessing = 0;
		};
		D5D4E4CD2AC41408004C652D /* Resources */ = {
			isa = PBXResourcesBuildPhase;
			buildActionMask = 2147483647;
			files = (
			);
			runOnlyForDeploymentPostprocessing = 0;
		};
/* End PBXResourcesBuildPhase section */

/* Begin PBXShellScriptBuildPhase section */
		0AE14AA438F407D7F16D6E13 /* [CP] Check Pods Manifest.lock */ = {
			isa = PBXShellScriptBuildPhase;
			buildActionMask = 2147483647;
			files = (
			);
			inputFileListPaths = (
			);
			inputPaths = (
				"${PODS_PODFILE_DIR_PATH}/Podfile.lock",
				"${PODS_ROOT}/Manifest.lock",
			);
			name = "[CP] Check Pods Manifest.lock";
			outputFileListPaths = (
			);
			outputPaths = (
				"$(DERIVED_FILE_DIR)/Pods-JokesAppTests-checkManifestLockResult.txt",
			);
			runOnlyForDeploymentPostprocessing = 0;
			shellPath = /bin/sh;
			shellScript = "diff \"${PODS_PODFILE_DIR_PATH}/Podfile.lock\" \"${PODS_ROOT}/Manifest.lock\" > /dev/null\nif [ $? != 0 ] ; then\n    # print error to STDERR\n    echo \"error: The sandbox is not in sync with the Podfile.lock. Run 'pod install' or update your CocoaPods installation.\" >&2\n    exit 1\nfi\n# This output is used by Xcode 'outputs' to avoid re-running this script phase.\necho \"SUCCESS\" > \"${SCRIPT_OUTPUT_FILE_0}\"\n";
			showEnvVarsInLog = 0;
		};
		17CA8DC79B6162CCD5DB41F0 /* [CP] Embed Pods Frameworks */ = {
			isa = PBXShellScriptBuildPhase;
			buildActionMask = 2147483647;
			files = (
			);
			inputFileListPaths = (
				"${PODS_ROOT}/Target Support Files/Pods-JokesApp-JokesAppUITests/Pods-JokesApp-JokesAppUITests-frameworks-${CONFIGURATION}-input-files.xcfilelist",
			);
			name = "[CP] Embed Pods Frameworks";
			outputFileListPaths = (
				"${PODS_ROOT}/Target Support Files/Pods-JokesApp-JokesAppUITests/Pods-JokesApp-JokesAppUITests-frameworks-${CONFIGURATION}-output-files.xcfilelist",
			);
			runOnlyForDeploymentPostprocessing = 0;
			shellPath = /bin/sh;
			shellScript = "\"${PODS_ROOT}/Target Support Files/Pods-JokesApp-JokesAppUITests/Pods-JokesApp-JokesAppUITests-frameworks.sh\"\n";
			showEnvVarsInLog = 0;
		};
		C5DA73D15D945985D6F8F267 /* [CP] Embed Pods Frameworks */ = {
			isa = PBXShellScriptBuildPhase;
			buildActionMask = 2147483647;
			files = (
			);
			inputFileListPaths = (
				"${PODS_ROOT}/Target Support Files/Pods-JokesApp/Pods-JokesApp-frameworks-${CONFIGURATION}-input-files.xcfilelist",
			);
			name = "[CP] Embed Pods Frameworks";
			outputFileListPaths = (
				"${PODS_ROOT}/Target Support Files/Pods-JokesApp/Pods-JokesApp-frameworks-${CONFIGURATION}-output-files.xcfilelist",
			);
			runOnlyForDeploymentPostprocessing = 0;
			shellPath = /bin/sh;
			shellScript = "\"${PODS_ROOT}/Target Support Files/Pods-JokesApp/Pods-JokesApp-frameworks.sh\"\n";
			showEnvVarsInLog = 0;
		};
		DDCACD29C165A5DADE03A0ED /* [CP] Check Pods Manifest.lock */ = {
			isa = PBXShellScriptBuildPhase;
			buildActionMask = 2147483647;
			files = (
			);
			inputFileListPaths = (
			);
			inputPaths = (
				"${PODS_PODFILE_DIR_PATH}/Podfile.lock",
				"${PODS_ROOT}/Manifest.lock",
			);
			name = "[CP] Check Pods Manifest.lock";
			outputFileListPaths = (
			);
			outputPaths = (
				"$(DERIVED_FILE_DIR)/Pods-JokesApp-JokesAppUITests-checkManifestLockResult.txt",
			);
			runOnlyForDeploymentPostprocessing = 0;
			shellPath = /bin/sh;
			shellScript = "diff \"${PODS_PODFILE_DIR_PATH}/Podfile.lock\" \"${PODS_ROOT}/Manifest.lock\" > /dev/null\nif [ $? != 0 ] ; then\n    # print error to STDERR\n    echo \"error: The sandbox is not in sync with the Podfile.lock. Run 'pod install' or update your CocoaPods installation.\" >&2\n    exit 1\nfi\n# This output is used by Xcode 'outputs' to avoid re-running this script phase.\necho \"SUCCESS\" > \"${SCRIPT_OUTPUT_FILE_0}\"\n";
			showEnvVarsInLog = 0;
		};
		F2E451AD0F85CDC9EBFC5156 /* [CP] Check Pods Manifest.lock */ = {
			isa = PBXShellScriptBuildPhase;
			buildActionMask = 2147483647;
			files = (
			);
			inputFileListPaths = (
			);
			inputPaths = (
				"${PODS_PODFILE_DIR_PATH}/Podfile.lock",
				"${PODS_ROOT}/Manifest.lock",
			);
			name = "[CP] Check Pods Manifest.lock";
			outputFileListPaths = (
			);
			outputPaths = (
				"$(DERIVED_FILE_DIR)/Pods-JokesApp-checkManifestLockResult.txt",
			);
			runOnlyForDeploymentPostprocessing = 0;
			shellPath = /bin/sh;
			shellScript = "diff \"${PODS_PODFILE_DIR_PATH}/Podfile.lock\" \"${PODS_ROOT}/Manifest.lock\" > /dev/null\nif [ $? != 0 ] ; then\n    # print error to STDERR\n    echo \"error: The sandbox is not in sync with the Podfile.lock. Run 'pod install' or update your CocoaPods installation.\" >&2\n    exit 1\nfi\n# This output is used by Xcode 'outputs' to avoid re-running this script phase.\necho \"SUCCESS\" > \"${SCRIPT_OUTPUT_FILE_0}\"\n";
			showEnvVarsInLog = 0;
		};
/* End PBXShellScriptBuildPhase section */

/* Begin PBXSourcesBuildPhase section */
		D5D4E4AB2AC41407004C652D /* Sources */ = {
			isa = PBXSourcesBuildPhase;
			buildActionMask = 2147483647;
			files = (
				D59606CB2AC58B5D004E654F /* JokesModal.swift in Sources */,
				D59606CF2AC58BEB004E654F /* JokesPresenter.swift in Sources */,
				D5D4E4B72AC41407004C652D /* ViewController.swift in Sources */,
				D52B3CEC2AD3D7AD0002599E /* JokesView.swift in Sources */,
				D52B3CEF2AD42FA70002599E /* PaddedTableViewCell.swift in Sources */,
				D5D4E4B32AC41407004C652D /* AppDelegate.swift in Sources */,
				D5D4E4B52AC41407004C652D /* SceneDelegate.swift in Sources */,
			);
			runOnlyForDeploymentPostprocessing = 0;
		};
		D5D4E4C12AC41408004C652D /* Sources */ = {
			isa = PBXSourcesBuildPhase;
			buildActionMask = 2147483647;
			files = (
				D5D4E4CA2AC41408004C652D /* JokesAppTests.swift in Sources */,
			);
			runOnlyForDeploymentPostprocessing = 0;
		};
		D5D4E4CB2AC41408004C652D /* Sources */ = {
			isa = PBXSourcesBuildPhase;
			buildActionMask = 2147483647;
			files = (
				D5D4E4D62AC41408004C652D /* JokesAppUITestsLaunchTests.swift in Sources */,
				D5D4E4D42AC41408004C652D /* JokesAppUITests.swift in Sources */,
			);
			runOnlyForDeploymentPostprocessing = 0;
		};
/* End PBXSourcesBuildPhase section */

/* Begin PBXTargetDependency section */
		D5D4E4C72AC41408004C652D /* PBXTargetDependency */ = {
			isa = PBXTargetDependency;
			target = D5D4E4AE2AC41407004C652D /* JokesApp */;
			targetProxy = D5D4E4C62AC41408004C652D /* PBXContainerItemProxy */;
		};
		D5D4E4D12AC41408004C652D /* PBXTargetDependency */ = {
			isa = PBXTargetDependency;
			target = D5D4E4AE2AC41407004C652D /* JokesApp */;
			targetProxy = D5D4E4D02AC41408004C652D /* PBXContainerItemProxy */;
		};
/* End PBXTargetDependency section */

/* Begin PBXVariantGroup section */
		D5D4E4B82AC41407004C652D /* Main.storyboard */ = {
			isa = PBXVariantGroup;
			children = (
				D5D4E4B92AC41407004C652D /* Base */,
			);
			name = Main.storyboard;
			sourceTree = "<group>";
		};
		D5D4E4BD2AC41408004C652D /* LaunchScreen.storyboard */ = {
			isa = PBXVariantGroup;
			children = (
				D5D4E4BE2AC41408004C652D /* Base */,
			);
			name = LaunchScreen.storyboard;
			sourceTree = "<group>";
		};
/* End PBXVariantGroup section */

/* Begin XCBuildConfiguration section */
		D5D4E4D72AC41408004C652D /* Debug */ = {
			isa = XCBuildConfiguration;
			buildSettings = {
				ALWAYS_SEARCH_USER_PATHS = NO;
				CLANG_ANALYZER_NONNULL = YES;
				CLANG_ANALYZER_NUMBER_OBJECT_CONVERSION = YES_AGGRESSIVE;
				CLANG_CXX_LANGUAGE_STANDARD = "gnu++20";
				CLANG_ENABLE_MODULES = YES;
				CLANG_ENABLE_OBJC_ARC = YES;
				CLANG_ENABLE_OBJC_WEAK = YES;
				CLANG_WARN_BLOCK_CAPTURE_AUTORELEASING = YES;
				CLANG_WARN_BOOL_CONVERSION = YES;
				CLANG_WARN_COMMA = YES;
				CLANG_WARN_CONSTANT_CONVERSION = YES;
				CLANG_WARN_DEPRECATED_OBJC_IMPLEMENTATIONS = YES;
				CLANG_WARN_DIRECT_OBJC_ISA_USAGE = YES_ERROR;
				CLANG_WARN_DOCUMENTATION_COMMENTS = YES;
				CLANG_WARN_EMPTY_BODY = YES;
				CLANG_WARN_ENUM_CONVERSION = YES;
				CLANG_WARN_INFINITE_RECURSION = YES;
				CLANG_WARN_INT_CONVERSION = YES;
				CLANG_WARN_NON_LITERAL_NULL_CONVERSION = YES;
				CLANG_WARN_OBJC_IMPLICIT_RETAIN_SELF = YES;
				CLANG_WARN_OBJC_LITERAL_CONVERSION = YES;
				CLANG_WARN_OBJC_ROOT_CLASS = YES_ERROR;
				CLANG_WARN_QUOTED_INCLUDE_IN_FRAMEWORK_HEADER = YES;
				CLANG_WARN_RANGE_LOOP_ANALYSIS = YES;
				CLANG_WARN_STRICT_PROTOTYPES = YES;
				CLANG_WARN_SUSPICIOUS_MOVE = YES;
				CLANG_WARN_UNGUARDED_AVAILABILITY = YES_AGGRESSIVE;
				CLANG_WARN_UNREACHABLE_CODE = YES;
				CLANG_WARN__DUPLICATE_METHOD_MATCH = YES;
				COPY_PHASE_STRIP = NO;
				DEBUG_INFORMATION_FORMAT = dwarf;
				ENABLE_STRICT_OBJC_MSGSEND = YES;
				ENABLE_TESTABILITY = YES;
				GCC_C_LANGUAGE_STANDARD = gnu11;
				GCC_DYNAMIC_NO_PIC = NO;
				GCC_NO_COMMON_BLOCKS = YES;
				GCC_OPTIMIZATION_LEVEL = 0;
				GCC_PREPROCESSOR_DEFINITIONS = (
					"DEBUG=1",
					"$(inherited)",
				);
				GCC_WARN_64_TO_32_BIT_CONVERSION = YES;
				GCC_WARN_ABOUT_RETURN_TYPE = YES_ERROR;
				GCC_WARN_UNDECLARED_SELECTOR = YES;
				GCC_WARN_UNINITIALIZED_AUTOS = YES_AGGRESSIVE;
				GCC_WARN_UNUSED_FUNCTION = YES;
				GCC_WARN_UNUSED_VARIABLE = YES;
				IPHONEOS_DEPLOYMENT_TARGET = 16.2;
				MTL_ENABLE_DEBUG_INFO = INCLUDE_SOURCE;
				MTL_FAST_MATH = YES;
				ONLY_ACTIVE_ARCH = YES;
				SDKROOT = iphoneos;
				SWIFT_ACTIVE_COMPILATION_CONDITIONS = DEBUG;
				SWIFT_OPTIMIZATION_LEVEL = "-Onone";
			};
			name = Debug;
		};
		D5D4E4D82AC41408004C652D /* Release */ = {
			isa = XCBuildConfiguration;
			buildSettings = {
				ALWAYS_SEARCH_USER_PATHS = NO;
				CLANG_ANALYZER_NONNULL = YES;
				CLANG_ANALYZER_NUMBER_OBJECT_CONVERSION = YES_AGGRESSIVE;
				CLANG_CXX_LANGUAGE_STANDARD = "gnu++20";
				CLANG_ENABLE_MODULES = YES;
				CLANG_ENABLE_OBJC_ARC = YES;
				CLANG_ENABLE_OBJC_WEAK = YES;
				CLANG_WARN_BLOCK_CAPTURE_AUTORELEASING = YES;
				CLANG_WARN_BOOL_CONVERSION = YES;
				CLANG_WARN_COMMA = YES;
				CLANG_WARN_CONSTANT_CONVERSION = YES;
				CLANG_WARN_DEPRECATED_OBJC_IMPLEMENTATIONS = YES;
				CLANG_WARN_DIRECT_OBJC_ISA_USAGE = YES_ERROR;
				CLANG_WARN_DOCUMENTATION_COMMENTS = YES;
				CLANG_WARN_EMPTY_BODY = YES;
				CLANG_WARN_ENUM_CONVERSION = YES;
				CLANG_WARN_INFINITE_RECURSION = YES;
				CLANG_WARN_INT_CONVERSION = YES;
				CLANG_WARN_NON_LITERAL_NULL_CONVERSION = YES;
				CLANG_WARN_OBJC_IMPLICIT_RETAIN_SELF = YES;
				CLANG_WARN_OBJC_LITERAL_CONVERSION = YES;
				CLANG_WARN_OBJC_ROOT_CLASS = YES_ERROR;
				CLANG_WARN_QUOTED_INCLUDE_IN_FRAMEWORK_HEADER = YES;
				CLANG_WARN_RANGE_LOOP_ANALYSIS = YES;
				CLANG_WARN_STRICT_PROTOTYPES = YES;
				CLANG_WARN_SUSPICIOUS_MOVE = YES;
				CLANG_WARN_UNGUARDED_AVAILABILITY = YES_AGGRESSIVE;
				CLANG_WARN_UNREACHABLE_CODE = YES;
				CLANG_WARN__DUPLICATE_METHOD_MATCH = YES;
				COPY_PHASE_STRIP = NO;
				DEBUG_INFORMATION_FORMAT = "dwarf-with-dsym";
				ENABLE_NS_ASSERTIONS = NO;
				ENABLE_STRICT_OBJC_MSGSEND = YES;
				GCC_C_LANGUAGE_STANDARD = gnu11;
				GCC_NO_COMMON_BLOCKS = YES;
				GCC_WARN_64_TO_32_BIT_CONVERSION = YES;
				GCC_WARN_ABOUT_RETURN_TYPE = YES_ERROR;
				GCC_WARN_UNDECLARED_SELECTOR = YES;
				GCC_WARN_UNINITIALIZED_AUTOS = YES_AGGRESSIVE;
				GCC_WARN_UNUSED_FUNCTION = YES;
				GCC_WARN_UNUSED_VARIABLE = YES;
				IPHONEOS_DEPLOYMENT_TARGET = 16.2;
				MTL_ENABLE_DEBUG_INFO = NO;
				MTL_FAST_MATH = YES;
				SDKROOT = iphoneos;
				SWIFT_COMPILATION_MODE = wholemodule;
				SWIFT_OPTIMIZATION_LEVEL = "-O";
				VALIDATE_PRODUCT = YES;
			};
			name = Release;
		};
		D5D4E4DA2AC41408004C652D /* Debug */ = {
			isa = XCBuildConfiguration;
			baseConfigurationReference = D3AC916D16CD94A6BAD7C624 /* Pods-JokesApp.debug.xcconfig */;
			buildSettings = {
				ASSETCATALOG_COMPILER_APPICON_NAME = AppIcon;
				ASSETCATALOG_COMPILER_GLOBAL_ACCENT_COLOR_NAME = AccentColor;
				CODE_SIGN_STYLE = Automatic;
				CURRENT_PROJECT_VERSION = 1;
				GENERATE_INFOPLIST_FILE = YES;
				INFOPLIST_FILE = JokesApp/Info.plist;
				INFOPLIST_KEY_UIApplicationSupportsIndirectInputEvents = YES;
				INFOPLIST_KEY_UILaunchStoryboardName = LaunchScreen;
				INFOPLIST_KEY_UIMainStoryboardFile = Main;
				INFOPLIST_KEY_UISupportedInterfaceOrientations_iPad = "UIInterfaceOrientationPortrait UIInterfaceOrientationPortraitUpsideDown UIInterfaceOrientationLandscapeLeft UIInterfaceOrientationLandscapeRight";
				INFOPLIST_KEY_UISupportedInterfaceOrientations_iPhone = "UIInterfaceOrientationPortrait UIInterfaceOrientationLandscapeLeft UIInterfaceOrientationLandscapeRight";
				LD_RUNPATH_SEARCH_PATHS = (
					"$(inherited)",
					"@executable_path/Frameworks",
				);
				MARKETING_VERSION = 1.0;
				PRODUCT_BUNDLE_IDENTIFIER = com.deeksha.JokesApp;
				PRODUCT_NAME = "$(TARGET_NAME)";
				SWIFT_EMIT_LOC_STRINGS = YES;
				SWIFT_VERSION = 5.0;
				TARGETED_DEVICE_FAMILY = "1,2";
			};
			name = Debug;
		};
		D5D4E4DB2AC41408004C652D /* Release */ = {
			isa = XCBuildConfiguration;
			baseConfigurationReference = 36DE094B2232FE86DFD56CAB /* Pods-JokesApp.release.xcconfig */;
			buildSettings = {
				ASSETCATALOG_COMPILER_APPICON_NAME = AppIcon;
				ASSETCATALOG_COMPILER_GLOBAL_ACCENT_COLOR_NAME = AccentColor;
				CODE_SIGN_STYLE = Automatic;
				CURRENT_PROJECT_VERSION = 1;
				GENERATE_INFOPLIST_FILE = YES;
				INFOPLIST_FILE = JokesApp/Info.plist;
				INFOPLIST_KEY_UIApplicationSupportsIndirectInputEvents = YES;
				INFOPLIST_KEY_UILaunchStoryboardName = LaunchScreen;
				INFOPLIST_KEY_UIMainStoryboardFile = Main;
				INFOPLIST_KEY_UISupportedInterfaceOrientations_iPad = "UIInterfaceOrientationPortrait UIInterfaceOrientationPortraitUpsideDown UIInterfaceOrientationLandscapeLeft UIInterfaceOrientationLandscapeRight";
				INFOPLIST_KEY_UISupportedInterfaceOrientations_iPhone = "UIInterfaceOrientationPortrait UIInterfaceOrientationLandscapeLeft UIInterfaceOrientationLandscapeRight";
				LD_RUNPATH_SEARCH_PATHS = (
					"$(inherited)",
					"@executable_path/Frameworks",
				);
				MARKETING_VERSION = 1.0;
				PRODUCT_BUNDLE_IDENTIFIER = com.deeksha.JokesApp;
				PRODUCT_NAME = "$(TARGET_NAME)";
				SWIFT_EMIT_LOC_STRINGS = YES;
				SWIFT_VERSION = 5.0;
				TARGETED_DEVICE_FAMILY = "1,2";
			};
			name = Release;
		};
		D5D4E4DD2AC41408004C652D /* Debug */ = {
			isa = XCBuildConfiguration;
			baseConfigurationReference = 3310A87B80D6CF016871CBD4 /* Pods-JokesAppTests.debug.xcconfig */;
			buildSettings = {
				ALWAYS_EMBED_SWIFT_STANDARD_LIBRARIES = YES;
				BUNDLE_LOADER = "$(TEST_HOST)";
				CODE_SIGN_STYLE = Automatic;
				CURRENT_PROJECT_VERSION = 1;
				GENERATE_INFOPLIST_FILE = YES;
				IPHONEOS_DEPLOYMENT_TARGET = 16.2;
				MARKETING_VERSION = 1.0;
				PRODUCT_BUNDLE_IDENTIFIER = com.deeksha.JokesAppTests;
				PRODUCT_NAME = "$(TARGET_NAME)";
				SWIFT_EMIT_LOC_STRINGS = NO;
				SWIFT_VERSION = 5.0;
				TARGETED_DEVICE_FAMILY = "1,2";
				TEST_HOST = "$(BUILT_PRODUCTS_DIR)/JokesApp.app/$(BUNDLE_EXECUTABLE_FOLDER_PATH)/JokesApp";
			};
			name = Debug;
		};
		D5D4E4DE2AC41408004C652D /* Release */ = {
			isa = XCBuildConfiguration;
			baseConfigurationReference = 9261C8FADF0F52820DB445B6 /* Pods-JokesAppTests.release.xcconfig */;
			buildSettings = {
				ALWAYS_EMBED_SWIFT_STANDARD_LIBRARIES = YES;
				BUNDLE_LOADER = "$(TEST_HOST)";
				CODE_SIGN_STYLE = Automatic;
				CURRENT_PROJECT_VERSION = 1;
				GENERATE_INFOPLIST_FILE = YES;
				IPHONEOS_DEPLOYMENT_TARGET = 16.2;
				MARKETING_VERSION = 1.0;
				PRODUCT_BUNDLE_IDENTIFIER = com.deeksha.JokesAppTests;
				PRODUCT_NAME = "$(TARGET_NAME)";
				SWIFT_EMIT_LOC_STRINGS = NO;
				SWIFT_VERSION = 5.0;
				TARGETED_DEVICE_FAMILY = "1,2";
				TEST_HOST = "$(BUILT_PRODUCTS_DIR)/JokesApp.app/$(BUNDLE_EXECUTABLE_FOLDER_PATH)/JokesApp";
			};
			name = Release;
		};
		D5D4E4E02AC41408004C652D /* Debug */ = {
			isa = XCBuildConfiguration;
			baseConfigurationReference = 34129CF8CF7E9A11EBB447FD /* Pods-JokesApp-JokesAppUITests.debug.xcconfig */;
			buildSettings = {
				ALWAYS_EMBED_SWIFT_STANDARD_LIBRARIES = YES;
				CODE_SIGN_STYLE = Automatic;
				CURRENT_PROJECT_VERSION = 1;
				GENERATE_INFOPLIST_FILE = YES;
				MARKETING_VERSION = 1.0;
				PRODUCT_BUNDLE_IDENTIFIER = com.deeksha.JokesAppUITests;
				PRODUCT_NAME = "$(TARGET_NAME)";
				SWIFT_EMIT_LOC_STRINGS = NO;
				SWIFT_VERSION = 5.0;
				TARGETED_DEVICE_FAMILY = "1,2";
				TEST_TARGET_NAME = JokesApp;
			};
			name = Debug;
		};
		D5D4E4E12AC41408004C652D /* Release */ = {
			isa = XCBuildConfiguration;
			baseConfigurationReference = DDD083E04084A3F137D61F21 /* Pods-JokesApp-JokesAppUITests.release.xcconfig */;
			buildSettings = {
				ALWAYS_EMBED_SWIFT_STANDARD_LIBRARIES = YES;
				CODE_SIGN_STYLE = Automatic;
				CURRENT_PROJECT_VERSION = 1;
				GENERATE_INFOPLIST_FILE = YES;
				MARKETING_VERSION = 1.0;
				PRODUCT_BUNDLE_IDENTIFIER = com.deeksha.JokesAppUITests;
				PRODUCT_NAME = "$(TARGET_NAME)";
				SWIFT_EMIT_LOC_STRINGS = NO;
				SWIFT_VERSION = 5.0;
				TARGETED_DEVICE_FAMILY = "1,2";
				TEST_TARGET_NAME = JokesApp;
			};
			name = Release;
		};
/* End XCBuildConfiguration section */

/* Begin XCConfigurationList section */
		D5D4E4AA2AC41407004C652D /* Build configuration list for PBXProject "JokesApp" */ = {
			isa = XCConfigurationList;
			buildConfigurations = (
				D5D4E4D72AC41408004C652D /* Debug */,
				D5D4E4D82AC41408004C652D /* Release */,
			);
			defaultConfigurationIsVisible = 0;
			defaultConfigurationName = Release;
		};
		D5D4E4D92AC41408004C652D /* Build configuration list for PBXNativeTarget "JokesApp" */ = {
			isa = XCConfigurationList;
			buildConfigurations = (
				D5D4E4DA2AC41408004C652D /* Debug */,
				D5D4E4DB2AC41408004C652D /* Release */,
			);
			defaultConfigurationIsVisible = 0;
			defaultConfigurationName = Release;
		};
		D5D4E4DC2AC41408004C652D /* Build configuration list for PBXNativeTarget "JokesAppTests" */ = {
			isa = XCConfigurationList;
			buildConfigurations = (
				D5D4E4DD2AC41408004C652D /* Debug */,
				D5D4E4DE2AC41408004C652D /* Release */,
			);
			defaultConfigurationIsVisible = 0;
			defaultConfigurationName = Release;
		};
		D5D4E4DF2AC41408004C652D /* Build configuration list for PBXNativeTarget "JokesAppUITests" */ = {
			isa = XCConfigurationList;
			buildConfigurations = (
				D5D4E4E02AC41408004C652D /* Debug */,
				D5D4E4E12AC41408004C652D /* Release */,
			);
			defaultConfigurationIsVisible = 0;
			defaultConfigurationName = Release;
		};
/* End XCConfigurationList section */
	};
	rootObject = D5D4E4A72AC41407004C652D /* Project object */;
}
